
Microsoft Visual Studio Solution File, Format Version 12.00
# Visual Studio Version 17
VisualStudioVersion = 17.8.34525.116
MinimumVisualStudioVersion = 10.0.40219.1
Project("{FAE04EC0-301F-11D3-BF4B-00C04F79EFBC}") = "HomeWorkArray", "HomeWorkArray\HomeWorkArray.csproj", "{97A6C376-FFCC-4C86-9637-C7AB3162BACA}"
EndProject
Global
	GlobalSection(SolutionConfigurationPlatforms) = preSolution
		Debug|Any CPU = Debug|Any CPU
		Release|Any CPU = Release|Any CPU
	EndGlobalSection
	GlobalSection(ProjectConfigurationPlatforms) = postSolution
		{97A6C376-FFCC-4C86-9637-C7AB3162BACA}.Debug|Any CPU.ActiveCfg = Debug|Any CPU
		{97A6C376-FFCC-4C86-9637-C7AB3162BACA}.Debug|Any CPU.Build.0 = Debug|Any CPU
		{97A6C376-FFCC-4C86-9637-C7AB3162BACA}.Release|Any CPU.ActiveCfg = Release|Any CPU
		{97A6C376-FFCC-4C86-9637-C7AB3162BACA}.Release|Any CPU.Build.0 = Release|Any CPU
	EndGlobalSection
	GlobalSection(SolutionProperties) = preSolution
		HideSolutionNode = FALSE
	EndGlobalSection
	GlobalSection(ExtensibilityGlobals) = postSolution
		SolutionGuid = {C0E93FDB-F2EB-44A5-B156-45FB3D295AB1}
	EndGlobalSection
EndGlobal
